
Microsoft Visual Studio Solution File, Format Version 12.00
# Visual Studio 15
Project("{FAE04EC0-301F-11D3-BF4B-00C04F79EFBC}") = "FinanceManager", "FinanceManager.csproj", "{4E1D3AB6-52B3-4CE9-9A3D-8FBD336AEE06}"
EndProject
Project("{FAE04EC0-301F-11D3-BF4B-00C04F79EFBC}") = "FinanceManager.Tests", "FinanceManager.Tests\FinanceManager.Tests.csproj", "{339499C9-C043-40B1-BFF6-DAA5A9E9D0CD}"
EndProject
Global
	GlobalSection(SolutionConfigurationPlatforms) = preSolution
		Debug|Any CPU = Debug|Any CPU
		Release|Any CPU = Release|Any CPU
	EndGlobalSection
	GlobalSection(ProjectConfigurationPlatforms) = postSolution
		{4E1D3AB6-52B3-4CE9-9A3D-8FBD336AEE06}.Debug|Any CPU.ActiveCfg = Debug|Any CPU
		{4E1D3AB6-52B3-4CE9-9A3D-8FBD336AEE06}.Debug|Any CPU.Build.0 = Debug|Any CPU
		{4E1D3AB6-52B3-4CE9-9A3D-8FBD336AEE06}.Release|Any CPU.ActiveCfg = Release|Any CPU
		{4E1D3AB6-52B3-4CE9-9A3D-8FBD336AEE06}.Release|Any CPU.Build.0 = Release|Any CPU
		{339499C9-C043-40B1-BFF6-DAA5A9E9D0CD}.Debug|Any CPU.ActiveCfg = Debug|Any CPU
		{339499C9-C043-40B1-BFF6-DAA5A9E9D0CD}.Debug|Any CPU.Build.0 = Debug|Any CPU
		{339499C9-C043-40B1-BFF6-DAA5A9E9D0CD}.Release|Any CPU.ActiveCfg = Release|Any CPU
		{339499C9-C043-40B1-BFF6-DAA5A9E9D0CD}.Release|Any CPU.Build.0 = Release|Any CPU
	EndGlobalSection
EndGlobal
